
Microsoft Visual Studio Solution File, Format Version 12.00
# Visual Studio Version 17
VisualStudioVersion = 17.2.32602.215
MinimumVisualStudioVersion = 10.0.40219.1
Project("{9A19103F-16F7-4668-BE54-9A1E7A4F7556}") = "Entidades", "Entidades\Entidades.csproj", "{8787464C-D5F6-420B-AB68-C29BDED6D295}"
EndProject
Project("{2150E333-8FDC-42A3-9474-1A3956D46DE8}") = "1 - APIs", "1 - APIs", "{990D3A29-EA91-49AA-BA3E-1E95D7C45A31}"
EndProject
Project("{2150E333-8FDC-42A3-9474-1A3956D46DE8}") = "2 - Aplicação", "2 - Aplicação", "{0CF1621E-7A20-4FC0-948A-75425A5C45C7}"
EndProject
Project("{2150E333-8FDC-42A3-9474-1A3956D46DE8}") = "3 - Dominio", "3 - Dominio", "{B655C73E-6C3D-43E0-8ED3-35F88DF687CC}"
EndProject
Project("{2150E333-8FDC-42A3-9474-1A3956D46DE8}") = "4 - Infraestrutura", "4 - Infraestrutura", "{C8DC7D33-E05D-4AA3-B68A-26906A44723B}"
EndProject
Project("{2150E333-8FDC-42A3-9474-1A3956D46DE8}") = "5 - Entidades", "5 - Entidades", "{5DE4EAE6-9E41-4B70-B096-701AA9F948B5}"
EndProject
Project("{FAE04EC0-301F-11D3-BF4B-00C04F79EFBC}") = "Infraestrutura", "Infraestrutura\Infraestrutura.csproj", "{76B18B04-E9BB-4BCB-AE88-09AFC720C2C2}"
EndProject
Project("{FAE04EC0-301F-11D3-BF4B-00C04F79EFBC}") = "Dominio", "Dominio\Dominio.csproj", "{7C7E7E1D-3CCF-4588-8D43-F449EFFFEDE0}"
EndProject
Project("{FAE04EC0-301F-11D3-BF4B-00C04F79EFBC}") = "Aplicacao", "Aplicacao\Aplicacao.csproj", "{042D2CA2-3788-4E40-B44C-2F6939D1829B}"
EndProject
Project("{FAE04EC0-301F-11D3-BF4B-00C04F79EFBC}") = "WebAPI", "WebAPI\WebAPI.csproj", "{34CD8FA9-FEE2-47DF-B38F-827663343B0B}"
EndProject
Global
	GlobalSection(SolutionConfigurationPlatforms) = preSolution
		Debug|Any CPU = Debug|Any CPU
		Release|Any CPU = Release|Any CPU
	EndGlobalSection
	GlobalSection(ProjectConfigurationPlatforms) = postSolution
		{8787464C-D5F6-420B-AB68-C29BDED6D295}.Debug|Any CPU.ActiveCfg = Debug|Any CPU
		{8787464C-D5F6-420B-AB68-C29BDED6D295}.Debug|Any CPU.Build.0 = Debug|Any CPU
		{8787464C-D5F6-420B-AB68-C29BDED6D295}.Release|Any CPU.ActiveCfg = Release|Any CPU
		{8787464C-D5F6-420B-AB68-C29BDED6D295}.Release|Any CPU.Build.0 = Release|Any CPU
		{76B18B04-E9BB-4BCB-AE88-09AFC720C2C2}.Debug|Any CPU.ActiveCfg = Debug|Any CPU
		{76B18B04-E9BB-4BCB-AE88-09AFC720C2C2}.Debug|Any CPU.Build.0 = Debug|Any CPU
		{76B18B04-E9BB-4BCB-AE88-09AFC720C2C2}.Release|Any CPU.ActiveCfg = Release|Any CPU
		{76B18B04-E9BB-4BCB-AE88-09AFC720C2C2}.Release|Any CPU.Build.0 = Release|Any CPU
		{7C7E7E1D-3CCF-4588-8D43-F449EFFFEDE0}.Debug|Any CPU.ActiveCfg = Debug|Any CPU
		{7C7E7E1D-3CCF-4588-8D43-F449EFFFEDE0}.Debug|Any CPU.Build.0 = Debug|Any CPU
		{7C7E7E1D-3CCF-4588-8D43-F449EFFFEDE0}.Release|Any CPU.ActiveCfg = Release|Any CPU
		{7C7E7E1D-3CCF-4588-8D43-F449EFFFEDE0}.Release|Any CPU.Build.0 = Release|Any CPU
		{042D2CA2-3788-4E40-B44C-2F6939D1829B}.Debug|Any CPU.ActiveCfg = Debug|Any CPU
		{042D2CA2-3788-4E40-B44C-2F6939D1829B}.Debug|Any CPU.Build.0 = Debug|Any CPU
		{042D2CA2-3788-4E40-B44C-2F6939D1829B}.Release|Any CPU.ActiveCfg = Release|Any CPU
		{042D2CA2-3788-4E40-B44C-2F6939D1829B}.Release|Any CPU.Build.0 = Release|Any CPU
		{34CD8FA9-FEE2-47DF-B38F-827663343B0B}.Debug|Any CPU.ActiveCfg = Debug|Any CPU
		{34CD8FA9-FEE2-47DF-B38F-827663343B0B}.Debug|Any CPU.Build.0 = Debug|Any CPU
		{34CD8FA9-FEE2-47DF-B38F-827663343B0B}.Release|Any CPU.ActiveCfg = Release|Any CPU
		{34CD8FA9-FEE2-47DF-B38F-827663343B0B}.Release|Any CPU.Build.0 = Release|Any CPU
	EndGlobalSection
	GlobalSection(SolutionProperties) = preSolution
		HideSolutionNode = FALSE
	EndGlobalSection
	GlobalSection(NestedProjects) = preSolution
		{8787464C-D5F6-420B-AB68-C29BDED6D295} = {5DE4EAE6-9E41-4B70-B096-701AA9F948B5}
		{76B18B04-E9BB-4BCB-AE88-09AFC720C2C2} = {C8DC7D33-E05D-4AA3-B68A-26906A44723B}
		{7C7E7E1D-3CCF-4588-8D43-F449EFFFEDE0} = {B655C73E-6C3D-43E0-8ED3-35F88DF687CC}
		{042D2CA2-3788-4E40-B44C-2F6939D1829B} = {0CF1621E-7A20-4FC0-948A-75425A5C45C7}
		{34CD8FA9-FEE2-47DF-B38F-827663343B0B} = {990D3A29-EA91-49AA-BA3E-1E95D7C45A31}
	EndGlobalSection
	GlobalSection(ExtensibilityGlobals) = postSolution
		SolutionGuid = {596FD9C6-4F96-4021-9ADE-20679AD4B926}
	EndGlobalSection
EndGlobal
